
Microsoft Visual Studio Solution File, Format Version 11.00
# Visual Studio 2010
Project("{F184B08F-C81C-45F6-A57F-5ABD9991F28F}") = "Palindrome", "Palindrome\Palindrome.vbproj", "{FD882FA5-808E-496C-96E7-BD4DC79F7444}"
EndProject
Global
	GlobalSection(SolutionConfigurationPlatforms) = preSolution
		Debug|x86 = Debug|x86
		Release|x86 = Release|x86
	EndGlobalSection
	GlobalSection(ProjectConfigurationPlatforms) = postSolution
		{FD882FA5-808E-496C-96E7-BD4DC79F7444}.Debug|x86.ActiveCfg = Debug|x86
		{FD882FA5-808E-496C-96E7-BD4DC79F7444}.Debug|x86.Build.0 = Debug|x86
		{FD882FA5-808E-496C-96E7-BD4DC79F7444}.Release|x86.ActiveCfg = Release|x86
		{FD882FA5-808E-496C-96E7-BD4DC79F7444}.Release|x86.Build.0 = Release|x86
	EndGlobalSection
	GlobalSection(SolutionProperties) = preSolution
		HideSolutionNode = FALSE
	EndGlobalSection
EndGlobal
